
Microsoft Visual Studio Solution File, Format Version 12.00
# Visual Studio Version 16
VisualStudioVersion = 16.0.30523.141
MinimumVisualStudioVersion = 10.0.40219.1
Project("{9A19103F-16F7-4668-BE54-9A1E7A4F7556}") = "streamer", "streamer\streamer.csproj", "{9ECE7118-06DB-4628-992F-05417200AA48}"
	ProjectSection(ProjectDependencies) = postProject
		{96714DB1-2CED-482C-B130-01AE260F19B9} = {96714DB1-2CED-482C-B130-01AE260F19B9}
	EndProjectSection
EndProject
Project("{9A19103F-16F7-4668-BE54-9A1E7A4F7556}") = "streamer.db", "streamer.db\streamer.db.csproj", "{96714DB1-2CED-482C-B130-01AE260F19B9}"
EndProject
Project("{FAE04EC0-301F-11D3-BF4B-00C04F79EFBC}") = "streamer.Features", "streamer.Features\streamer.Features.csproj", "{32001368-E443-4FA9-BDBB-ACA0C64B82A6}"
EndProject
Global
	GlobalSection(SolutionConfigurationPlatforms) = preSolution
		Debug|Any CPU = Debug|Any CPU
		Release|Any CPU = Release|Any CPU
	EndGlobalSection
	GlobalSection(ProjectConfigurationPlatforms) = postSolution
		{9ECE7118-06DB-4628-992F-05417200AA48}.Debug|Any CPU.ActiveCfg = Debug|Any CPU
		{9ECE7118-06DB-4628-992F-05417200AA48}.Debug|Any CPU.Build.0 = Debug|Any CPU
		{9ECE7118-06DB-4628-992F-05417200AA48}.Release|Any CPU.ActiveCfg = Release|Any CPU
		{9ECE7118-06DB-4628-992F-05417200AA48}.Release|Any CPU.Build.0 = Release|Any CPU
		{96714DB1-2CED-482C-B130-01AE260F19B9}.Debug|Any CPU.ActiveCfg = Debug|Any CPU
		{96714DB1-2CED-482C-B130-01AE260F19B9}.Debug|Any CPU.Build.0 = Debug|Any CPU
		{96714DB1-2CED-482C-B130-01AE260F19B9}.Release|Any CPU.ActiveCfg = Release|Any CPU
		{96714DB1-2CED-482C-B130-01AE260F19B9}.Release|Any CPU.Build.0 = Release|Any CPU
		{32001368-E443-4FA9-BDBB-ACA0C64B82A6}.Debug|Any CPU.ActiveCfg = Debug|Any CPU
		{32001368-E443-4FA9-BDBB-ACA0C64B82A6}.Debug|Any CPU.Build.0 = Debug|Any CPU
		{32001368-E443-4FA9-BDBB-ACA0C64B82A6}.Release|Any CPU.ActiveCfg = Release|Any CPU
		{32001368-E443-4FA9-BDBB-ACA0C64B82A6}.Release|Any CPU.Build.0 = Release|Any CPU
	EndGlobalSection
	GlobalSection(SolutionProperties) = preSolution
		HideSolutionNode = FALSE
	EndGlobalSection
	GlobalSection(ExtensibilityGlobals) = postSolution
		SolutionGuid = {F150C351-1618-4E05-AD69-E09A5591F8BB}
	EndGlobalSection
EndGlobal
